# This file was autogenerated by Stack.
# You should not edit this file by hand.
# For more information, please see the documentation at:
#   https://docs.haskellstack.org/en/stable/lock_files

packages:
- completed:
    hackage: sized-0.3.0.0@sha256:d723d3a44a0d3db7185e33d3513cf8c97625c557fcaf2241abfd8e2dbc7aa62a,1797
    pantry-tree:
      size: 452
      sha256: ed6e4cdd1a423a1b87ffcf3fa6ff0e7b0f35dcea8ff5b345897ee828487b1e32
  original:
    hackage: sized-0.3.0.0
- completed:
    hackage: equational-reasoning-0.6.0.0@sha256:e47ae43f74173e9084d1b09e3c3e378be3710b5eeeda2136f158bf73aceaaba5,1824
    pantry-tree:
      size: 563
      sha256: 841d2c161ea2a9f587a5784fa01092eb9e7b5c2cfa5f3c6de59cab9221b47ae2
  original:
    hackage: equational-reasoning-0.6.0.0
- completed:
    hackage: ghc-typelits-presburger-0.2.0.5@sha256:5f46bd260db08053845547202e356d6f63cc02af066a1990e39346d90cb7ea06,2217
    pantry-tree:
      size: 438
      sha256: bc2462ed1091a3e2d734e451ad6de39be33fd002eda1d4a65be96e45ac623e66
  original:
    hackage: ghc-typelits-presburger-0.2.0.5
- completed:
    hackage: type-natural-0.8.2.0@sha256:fb69402932813da1cdedb537b3f81b68740629264b71de30bd981396abebb0b1,2619
    pantry-tree:
      size: 1003
      sha256: 90f509eec4773b873b43fd7c4a37c7c4833dda3b33445734bfeaf3bb48053a56
  original:
    hackage: type-natural-0.8.2.0
- completed:
    hackage: hlint-test-0.1.0.0@sha256:e427c0593433205fc629fb05b74c6b1deb1de72d1571f26142de008f0d5ee7a9,1814
    pantry-tree:
      size: 442
      sha256: 347eac6c8a3c02fc0101444d6526b57b3c27785809149b12f90d8db57c721fea
  original:
    hackage: hlint-test-0.1.0.0
- completed:
    hackage: algebra-4.3.1@sha256:bfaddc70ffd7f3e72a832854c6a509af81bcdc765b83ed4c9d3438bde25abdd3,4129
    pantry-tree:
      size: 5556
      sha256: eab9c8585cb156b168928ff24fd9139d820e45af564c54dfc1f29303d7ded88b
  original:
    hackage: algebra-4.3.1
- completed:
    hackage: hmatrix-glpk-0.19.0.0@sha256:cf46c54bc3878bd207674ad88c3389083809f4df862df68ee64c6708dc517a52,1683
    pantry-tree:
      size: 660
      sha256: 8e781b7b10d93e1def514c48da663b1b046ed5c23857938bad1229e9f4a589c1
  original:
    hackage: hmatrix-glpk-0.19.0.0
snapshots:
- completed:
    size: 509471
    url: https://raw.githubusercontent.com/commercialhaskell/stackage-snapshots/master/lts/12/26.yaml
    sha256: 95f014df58d0679b1c4a2b7bf2b652b61da8d30de5f571abb0d59015ef678646
  original: lts-12.26
