# This file was autogenerated by Stack.
# You should not edit this file by hand.
# For more information, please see the documentation at:
#   https://docs.haskellstack.org/en/stable/lock_files

packages:
- completed:
    hackage: sized-0.4.0.0@sha256:b83ddf55ea1588795a623963328f08d228c2b2506653362dfe8df90abec7a504,1839
    pantry-tree:
      size: 452
      sha256: 7c60fabeae7f97eb4c7f7f7856cc45fcfe9b323c3d9adbf7b8e4ea9193862f32
  original:
    hackage: sized-0.4.0.0
- completed:
    hackage: equational-reasoning-0.6.0.3@sha256:a59f45b15118add889948c3a3b25ed8cc324e01c088616302a5265db9ac451c8,1772
    pantry-tree:
      size: 496
      sha256: dcc6f905630156b0c7581abf770f99af110eabd2809945a20ef90407a391d2b2
  original:
    hackage: equational-reasoning-0.6.0.3
- completed:
    hackage: ghc-typelits-presburger-0.3.0.0@sha256:a4c24ce3ed2bc46f91e5dd544429fc9caa42da5c3effbc09b2e4e064d325004e,2724
    pantry-tree:
      size: 528
      sha256: 20fecd68ff0be5884bf8bf5b8cfd52eb6be9d6f197c5735294e6079803a4263e
  original:
    hackage: ghc-typelits-presburger-0.3.0.0
- completed:
    hackage: type-natural-0.8.3.1@sha256:cad5dbfa5ac95cb0d68c09d58cfca5c3e154cc786f0dfd2684c53f36203f1bda,3031
    pantry-tree:
      size: 1004
      sha256: 1843ae1ac6d5b529206ab93f6ab10b11f233fb99b799e19a50ea04b607fb0f39
  original:
    hackage: type-natural-0.8.3.1
- completed:
    hackage: hlint-test-0.1.0.0@sha256:e427c0593433205fc629fb05b74c6b1deb1de72d1571f26142de008f0d5ee7a9,1814
    pantry-tree:
      size: 442
      sha256: 347eac6c8a3c02fc0101444d6526b57b3c27785809149b12f90d8db57c721fea
  original:
    hackage: hlint-test-0.1.0.0
- completed:
    hackage: algebra-4.3.1@sha256:323cf20c508e0b71422b767ff3a89e4188f68aa59b2df9d0fe6e9f9bae7938fb,4129
    pantry-tree:
      size: 5556
      sha256: 2dea7d23304c09c902fb1f90f45b1b22df6ded47fb717742cca119f9f3667b21
  original:
    hackage: algebra-4.3.1
- completed:
    hackage: hmatrix-glpk-0.19.0.0@sha256:cf46c54bc3878bd207674ad88c3389083809f4df862df68ee64c6708dc517a52,1683
    pantry-tree:
      size: 660
      sha256: 8e781b7b10d93e1def514c48da663b1b046ed5c23857938bad1229e9f4a589c1
  original:
    hackage: hmatrix-glpk-0.19.0.0
- completed:
    hackage: linear-1.21@sha256:41c6dd6caeccde2507088a5cf5d9278a875d2d96f3f39afb080b04a0a44d0b10,4102
    pantry-tree:
      size: 2211
      sha256: a82fa87ae058aeb32cc8f44e896f776699518fbe29bdd7a829098c8e2db15950
  original:
    hackage: linear-1.21
snapshots:
- completed:
    size: 495801
    url: https://raw.githubusercontent.com/commercialhaskell/stackage-snapshots/master/lts/13/11.yaml
    sha256: 835062158db2b3ebb8b9525d9662a02ebf9783e8f6a08a64684cd5546f847152
  original: lts-13.11
